
Microsoft Visual Studio Solution File, Format Version 12.00
# Visual Studio Version 17
VisualStudioVersion = 17.1.32210.238
MinimumVisualStudioVersion = 10.0.40219.1
Project("{FAE04EC0-301F-11D3-BF4B-00C04F79EFBC}") = "Scala.Interfaces.Shapes.Core", "Scala.Interfaces.Shapes.Core\Scala.Interfaces.Shapes.Core.csproj", "{30ACC221-4575-44A0-9085-A2E1D90F30FC}"
EndProject
Global
	GlobalSection(SolutionConfigurationPlatforms) = preSolution
		Debug|Any CPU = Debug|Any CPU
		Release|Any CPU = Release|Any CPU
	EndGlobalSection
	GlobalSection(ProjectConfigurationPlatforms) = postSolution
		{30ACC221-4575-44A0-9085-A2E1D90F30FC}.Debug|Any CPU.ActiveCfg = Debug|Any CPU
		{30ACC221-4575-44A0-9085-A2E1D90F30FC}.Debug|Any CPU.Build.0 = Debug|Any CPU
		{30ACC221-4575-44A0-9085-A2E1D90F30FC}.Release|Any CPU.ActiveCfg = Release|Any CPU
		{30ACC221-4575-44A0-9085-A2E1D90F30FC}.Release|Any CPU.Build.0 = Release|Any CPU
	EndGlobalSection
	GlobalSection(SolutionProperties) = preSolution
		HideSolutionNode = FALSE
	EndGlobalSection
	GlobalSection(ExtensibilityGlobals) = postSolution
		SolutionGuid = {D06B97D4-5647-4063-8931-B7C157CAE758}
	EndGlobalSection
EndGlobal
